// !$*UTF8*$!
{
	archiveVersion = 1;
	classes = {
	};
	objectVersion = 46;
	objects = {

/* Begin PBXBuildFile section */
		700808F1CD9B11FD8F24A056 /* libPods.a in Frameworks */ = {isa = PBXBuildFile; fileRef = 36C234119E779578FFA48412 /* libPods.a */; };
		F709E7E41D9AA27F006F9DA7 /* ViewController.xib in Resources */ = {isa = PBXBuildFile; fileRef = F709E7E31D9AA27F006F9DA7 /* ViewController.xib */; };
		F709E7E91D9AA341006F9DA7 /* Ch1ViewController.m in Sources */ = {isa = PBXBuildFile; fileRef = F709E7E71D9AA341006F9DA7 /* Ch1ViewController.m */; };
		F709E7EA1D9AA341006F9DA7 /* Ch1ViewController.xib in Resources */ = {isa = PBXBuildFile; fileRef = F709E7E81D9AA341006F9DA7 /* Ch1ViewController.xib */; };
		F709E7EF1D9AA51C006F9DA7 /* CollectionViewCell.m in Sources */ = {isa = PBXBuildFile; fileRef = F709E7ED1D9AA51C006F9DA7 /* CollectionViewCell.m */; };
		F709E7F01D9AA51C006F9DA7 /* CollectionViewCell.xib in Resources */ = {isa = PBXBuildFile; fileRef = F709E7EE1D9AA51C006F9DA7 /* CollectionViewCell.xib */; };
		F709E7F51D9B61B9006F9DA7 /* Ch2ViewController.m in Sources */ = {isa = PBXBuildFile; fileRef = F709E7F31D9B61B9006F9DA7 /* Ch2ViewController.m */; };
		F709E7F61D9B61B9006F9DA7 /* Ch2ViewController.xib in Resources */ = {isa = PBXBuildFile; fileRef = F709E7F41D9B61B9006F9DA7 /* Ch2ViewController.xib */; };
		F709E7FA1D9B6307006F9DA7 /* ListingCollectionViewCell.m in Sources */ = {isa = PBXBuildFile; fileRef = F709E7F81D9B6307006F9DA7 /* ListingCollectionViewCell.m */; };
		F709E7FB1D9B6307006F9DA7 /* ListingCollectionViewCell.xib in Resources */ = {isa = PBXBuildFile; fileRef = F709E7F91D9B6307006F9DA7 /* ListingCollectionViewCell.xib */; };
		F7AE62641D9A997200F0E8D0 /* main.m in Sources */ = {isa = PBXBuildFile; fileRef = F7AE62631D9A997200F0E8D0 /* main.m */; };
		F7AE62671D9A997200F0E8D0 /* AppDelegate.m in Sources */ = {isa = PBXBuildFile; fileRef = F7AE62661D9A997200F0E8D0 /* AppDelegate.m */; };
		F7AE626A1D9A997200F0E8D0 /* ViewController.m in Sources */ = {isa = PBXBuildFile; fileRef = F7AE62691D9A997200F0E8D0 /* ViewController.m */; };
		F7AE626D1D9A997200F0E8D0 /* Main.storyboard in Resources */ = {isa = PBXBuildFile; fileRef = F7AE626B1D9A997200F0E8D0 /* Main.storyboard */; };
		F7AE626F1D9A997200F0E8D0 /* Assets.xcassets in Resources */ = {isa = PBXBuildFile; fileRef = F7AE626E1D9A997200F0E8D0 /* Assets.xcassets */; };
		F7AE62721D9A997200F0E8D0 /* LaunchScreen.storyboard in Resources */ = {isa = PBXBuildFile; fileRef = F7AE62701D9A997200F0E8D0 /* LaunchScreen.storyboard */; };
/* End PBXBuildFile section */

/* Begin PBXFileReference section */
		36C234119E779578FFA48412 /* libPods.a */ = {isa = PBXFileReference; explicitFileType = archive.ar; includeInIndex = 0; path = libPods.a; sourceTree = BUILT_PRODUCTS_DIR; };
		45E3B0CF28AE949887320E8B /* Pods.debug.xcconfig */ = {isa = PBXFileReference; includeInIndex = 1; lastKnownFileType = text.xcconfig; name = Pods.debug.xcconfig; path = "Pods/Target Support Files/Pods/Pods.debug.xcconfig"; sourceTree = "<group>"; };
		783B2BBE0D2070021038C8A8 /* Pods.release.xcconfig */ = {isa = PBXFileReference; includeInIndex = 1; lastKnownFileType = text.xcconfig; name = Pods.release.xcconfig; path = "Pods/Target Support Files/Pods/Pods.release.xcconfig"; sourceTree = "<group>"; };
		F709E7E31D9AA27F006F9DA7 /* ViewController.xib */ = {isa = PBXFileReference; fileEncoding = 4; lastKnownFileType = file.xib; path = ViewController.xib; sourceTree = "<group>"; };
		F709E7E61D9AA341006F9DA7 /* Ch1ViewController.h */ = {isa = PBXFileReference; fileEncoding = 4; lastKnownFileType = sourcecode.c.h; path = Ch1ViewController.h; sourceTree = "<group>"; };
		F709E7E71D9AA341006F9DA7 /* Ch1ViewController.m */ = {isa = PBXFileReference; fileEncoding = 4; lastKnownFileType = sourcecode.c.objc; path = Ch1ViewController.m; sourceTree = "<group>"; };
		F709E7E81D9AA341006F9DA7 /* Ch1ViewController.xib */ = {isa = PBXFileReference; fileEncoding = 4; lastKnownFileType = file.xib; path = Ch1ViewController.xib; sourceTree = "<group>"; };
		F709E7EC1D9AA51C006F9DA7 /* CollectionViewCell.h */ = {isa = PBXFileReference; fileEncoding = 4; lastKnownFileType = sourcecode.c.h; path = CollectionViewCell.h; sourceTree = "<group>"; };
		F709E7ED1D9AA51C006F9DA7 /* CollectionViewCell.m */ = {isa = PBXFileReference; fileEncoding = 4; lastKnownFileType = sourcecode.c.objc; path = CollectionViewCell.m; sourceTree = "<group>"; };
		F709E7EE1D9AA51C006F9DA7 /* CollectionViewCell.xib */ = {isa = PBXFileReference; fileEncoding = 4; lastKnownFileType = file.xib; path = CollectionViewCell.xib; sourceTree = "<group>"; };
		F709E7F21D9B61B9006F9DA7 /* Ch2ViewController.h */ = {isa = PBXFileReference; fileEncoding = 4; lastKnownFileType = sourcecode.c.h; path = Ch2ViewController.h; sourceTree = "<group>"; };
		F709E7F31D9B61B9006F9DA7 /* Ch2ViewController.m */ = {isa = PBXFileReference; fileEncoding = 4; lastKnownFileType = sourcecode.c.objc; path = Ch2ViewController.m; sourceTree = "<group>"; };
		F709E7F41D9B61B9006F9DA7 /* Ch2ViewController.xib */ = {isa = PBXFileReference; fileEncoding = 4; lastKnownFileType = file.xib; path = Ch2ViewController.xib; sourceTree = "<group>"; };
		F709E7F71D9B6307006F9DA7 /* ListingCollectionViewCell.h */ = {isa = PBXFileReference; fileEncoding = 4; lastKnownFileType = sourcecode.c.h; path = ListingCollectionViewCell.h; sourceTree = "<group>"; };
		F709E7F81D9B6307006F9DA7 /* ListingCollectionViewCell.m */ = {isa = PBXFileReference; fileEncoding = 4; lastKnownFileType = sourcecode.c.objc; path = ListingCollectionViewCell.m; sourceTree = "<group>"; };
		F709E7F91D9B6307006F9DA7 /* ListingCollectionViewCell.xib */ = {isa = PBXFileReference; fileEncoding = 4; lastKnownFileType = file.xib; path = ListingCollectionViewCell.xib; sourceTree = "<group>"; };
		F7AE625F1D9A997200F0E8D0 /* ReactiveCocoaStudy.app */ = {isa = PBXFileReference; explicitFileType = wrapper.application; includeInIndex = 0; path = ReactiveCocoaStudy.app; sourceTree = BUILT_PRODUCTS_DIR; };
		F7AE62631D9A997200F0E8D0 /* main.m */ = {isa = PBXFileReference; lastKnownFileType = sourcecode.c.objc; path = main.m; sourceTree = "<group>"; };
		F7AE62651D9A997200F0E8D0 /* AppDelegate.h */ = {isa = PBXFileReference; lastKnownFileType = sourcecode.c.h; path = AppDelegate.h; sourceTree = "<group>"; };
		F7AE62661D9A997200F0E8D0 /* AppDelegate.m */ = {isa = PBXFileReference; lastKnownFileType = sourcecode.c.objc; path = AppDelegate.m; sourceTree = "<group>"; };
		F7AE62681D9A997200F0E8D0 /* ViewController.h */ = {isa = PBXFileReference; lastKnownFileType = sourcecode.c.h; path = ViewController.h; sourceTree = "<group>"; };
		F7AE62691D9A997200F0E8D0 /* ViewController.m */ = {isa = PBXFileReference; lastKnownFileType = sourcecode.c.objc; path = ViewController.m; sourceTree = "<group>"; };
		F7AE626C1D9A997200F0E8D0 /* Base */ = {isa = PBXFileReference; lastKnownFileType = file.storyboard; name = Base; path = Base.lproj/Main.storyboard; sourceTree = "<group>"; };
		F7AE626E1D9A997200F0E8D0 /* Assets.xcassets */ = {isa = PBXFileReference; lastKnownFileType = folder.assetcatalog; path = Assets.xcassets; sourceTree = "<group>"; };
		F7AE62711D9A997200F0E8D0 /* Base */ = {isa = PBXFileReference; lastKnownFileType = file.storyboard; name = Base; path = Base.lproj/LaunchScreen.storyboard; sourceTree = "<group>"; };
		F7AE62731D9A997200F0E8D0 /* Info.plist */ = {isa = PBXFileReference; lastKnownFileType = text.plist.xml; path = Info.plist; sourceTree = "<group>"; };
/* End PBXFileReference section */

/* Begin PBXFrameworksBuildPhase section */
		F7AE625C1D9A997200F0E8D0 /* Frameworks */ = {
			isa = PBXFrameworksBuildPhase;
			buildActionMask = 2147483647;
			files = (
				700808F1CD9B11FD8F24A056 /* libPods.a in Frameworks */,
			);
			runOnlyForDeploymentPostprocessing = 0;
		};
/* End PBXFrameworksBuildPhase section */

/* Begin PBXGroup section */
		8886A3EB0FF11394C49C2D75 /* Pods */ = {
			isa = PBXGroup;
			children = (
				45E3B0CF28AE949887320E8B /* Pods.debug.xcconfig */,
				783B2BBE0D2070021038C8A8 /* Pods.release.xcconfig */,
			);
			name = Pods;
			sourceTree = "<group>";
		};
		CC5EB5B7BC15B1B9DC7576AF /* Frameworks */ = {
			isa = PBXGroup;
			children = (
				36C234119E779578FFA48412 /* libPods.a */,
			);
			name = Frameworks;
			sourceTree = "<group>";
		};
		F709E7E51D9AA334006F9DA7 /* Ch1 */ = {
			isa = PBXGroup;
			children = (
				F709E7E61D9AA341006F9DA7 /* Ch1ViewController.h */,
				F709E7E71D9AA341006F9DA7 /* Ch1ViewController.m */,
				F709E7E81D9AA341006F9DA7 /* Ch1ViewController.xib */,
			);
			name = Ch1;
			path = Src/Ch1;
			sourceTree = "<group>";
		};
		F709E7EB1D9AA507006F9DA7 /* Cells */ = {
			isa = PBXGroup;
			children = (
				F709E7EC1D9AA51C006F9DA7 /* CollectionViewCell.h */,
				F709E7ED1D9AA51C006F9DA7 /* CollectionViewCell.m */,
				F709E7EE1D9AA51C006F9DA7 /* CollectionViewCell.xib */,
				F709E7F71D9B6307006F9DA7 /* ListingCollectionViewCell.h */,
				F709E7F81D9B6307006F9DA7 /* ListingCollectionViewCell.m */,
				F709E7F91D9B6307006F9DA7 /* ListingCollectionViewCell.xib */,
			);
			name = Cells;
			path = Src/Cells;
			sourceTree = "<group>";
		};
		F709E7F11D9B61B9006F9DA7 /* Ch2 */ = {
			isa = PBXGroup;
			children = (
				F709E7F21D9B61B9006F9DA7 /* Ch2ViewController.h */,
				F709E7F31D9B61B9006F9DA7 /* Ch2ViewController.m */,
				F709E7F41D9B61B9006F9DA7 /* Ch2ViewController.xib */,
			);
			name = Ch2;
			path = Src/Ch2;
			sourceTree = "<group>";
		};
		F7AE62561D9A997200F0E8D0 = {
			isa = PBXGroup;
			children = (
				F7AE62611D9A997200F0E8D0 /* ReactiveCocoaStudy */,
				F7AE62601D9A997200F0E8D0 /* Products */,
				8886A3EB0FF11394C49C2D75 /* Pods */,
				CC5EB5B7BC15B1B9DC7576AF /* Frameworks */,
			);
			sourceTree = "<group>";
		};
		F7AE62601D9A997200F0E8D0 /* Products */ = {
			isa = PBXGroup;
			children = (
				F7AE625F1D9A997200F0E8D0 /* ReactiveCocoaStudy.app */,
			);
			name = Products;
			sourceTree = "<group>";
		};
		F7AE62611D9A997200F0E8D0 /* ReactiveCocoaStudy */ = {
			isa = PBXGroup;
			children = (
				F709E7EB1D9AA507006F9DA7 /* Cells */,
				F709E7E51D9AA334006F9DA7 /* Ch1 */,
				F709E7F11D9B61B9006F9DA7 /* Ch2 */,
				F7AE62651D9A997200F0E8D0 /* AppDelegate.h */,
				F7AE62661D9A997200F0E8D0 /* AppDelegate.m */,
				F7AE62681D9A997200F0E8D0 /* ViewController.h */,
				F7AE62691D9A997200F0E8D0 /* ViewController.m */,
				F709E7E31D9AA27F006F9DA7 /* ViewController.xib */,
				F7AE626B1D9A997200F0E8D0 /* Main.storyboard */,
				F7AE626E1D9A997200F0E8D0 /* Assets.xcassets */,
				F7AE62701D9A997200F0E8D0 /* LaunchScreen.storyboard */,
				F7AE62731D9A997200F0E8D0 /* Info.plist */,
				F7AE62621D9A997200F0E8D0 /* Supporting Files */,
			);
			path = ReactiveCocoaStudy;
			sourceTree = "<group>";
		};
		F7AE62621D9A997200F0E8D0 /* Supporting Files */ = {
			isa = PBXGroup;
			children = (
				F7AE62631D9A997200F0E8D0 /* main.m */,
			);
			name = "Supporting Files";
			sourceTree = "<group>";
		};
/* End PBXGroup section */

/* Begin PBXNativeTarget section */
		F7AE625E1D9A997200F0E8D0 /* ReactiveCocoaStudy */ = {
			isa = PBXNativeTarget;
			buildConfigurationList = F7AE62761D9A997200F0E8D0 /* Build configuration list for PBXNativeTarget "ReactiveCocoaStudy" */;
			buildPhases = (
				95890703F0253A54E1E6E4F4 /* Check Pods Manifest.lock */,
				F7AE625B1D9A997200F0E8D0 /* Sources */,
				F7AE625C1D9A997200F0E8D0 /* Frameworks */,
				F7AE625D1D9A997200F0E8D0 /* Resources */,
				1B5873977E66C63975653406 /* Embed Pods Frameworks */,
				8DCC0FAC1C0DA71A49526967 /* Copy Pods Resources */,
			);
			buildRules = (
			);
			dependencies = (
			);
			name = ReactiveCocoaStudy;
			productName = ReactiveCocoaStudy;
			productReference = F7AE625F1D9A997200F0E8D0 /* ReactiveCocoaStudy.app */;
			productType = "com.apple.product-type.application";
		};
/* End PBXNativeTarget section */

/* Begin PBXProject section */
		F7AE62571D9A997200F0E8D0 /* Project object */ = {
			isa = PBXProject;
			attributes = {
				LastUpgradeCheck = 0800;
				ORGANIZATIONNAME = "Yahoo! Inc.";
				TargetAttributes = {
					F7AE625E1D9A997200F0E8D0 = {
						CreatedOnToolsVersion = 8.0;
						ProvisioningStyle = Automatic;
					};
				};
			};
			buildConfigurationList = F7AE625A1D9A997200F0E8D0 /* Build configuration list for PBXProject "ReactiveCocoaStudy" */;
			compatibilityVersion = "Xcode 3.2";
			developmentRegion = English;
			hasScannedForEncodings = 0;
			knownRegions = (
				en,
				Base,
			);
			mainGroup = F7AE62561D9A997200F0E8D0;
			productRefGroup = F7AE62601D9A997200F0E8D0 /* Products */;
			projectDirPath = "";
			projectRoot = "";
			targets = (
				F7AE625E1D9A997200F0E8D0 /* ReactiveCocoaStudy */,
			);
		};
/* End PBXProject section */

/* Begin PBXResourcesBuildPhase section */
		F7AE625D1D9A997200F0E8D0 /* Resources */ = {
			isa = PBXResourcesBuildPhase;
			buildActionMask = 2147483647;
			files = (
				F7AE62721D9A997200F0E8D0 /* LaunchScreen.storyboard in Resources */,
				F709E7EA1D9AA341006F9DA7 /* Ch1ViewController.xib in Resources */,
				F709E7F01D9AA51C006F9DA7 /* CollectionViewCell.xib in Resources */,
				F709E7F61D9B61B9006F9DA7 /* Ch2ViewController.xib in Resources */,
				F7AE626F1D9A997200F0E8D0 /* Assets.xcassets in Resources */,
				F709E7E41D9AA27F006F9DA7 /* ViewController.xib in Resources */,
				F7AE626D1D9A997200F0E8D0 /* Main.storyboard in Resources */,
				F709E7FB1D9B6307006F9DA7 /* ListingCollectionViewCell.xib in Resources */,
			);
			runOnlyForDeploymentPostprocessing = 0;
		};
/* End PBXResourcesBuildPhase section */

/* Begin PBXShellScriptBuildPhase section */
		1B5873977E66C63975653406 /* Embed Pods Frameworks */ = {
			isa = PBXShellScriptBuildPhase;
			buildActionMask = 2147483647;
			files = (
			);
			inputPaths = (
			);
			name = "Embed Pods Frameworks";
			outputPaths = (
			);
			runOnlyForDeploymentPostprocessing = 0;
			shellPath = /bin/sh;
			shellScript = "\"${SRCROOT}/Pods/Target Support Files/Pods/Pods-frameworks.sh\"\n";
			showEnvVarsInLog = 0;
		};
		8DCC0FAC1C0DA71A49526967 /* Copy Pods Resources */ = {
			isa = PBXShellScriptBuildPhase;
			buildActionMask = 2147483647;
			files = (
			);
			inputPaths = (
			);
			name = "Copy Pods Resources";
			outputPaths = (
			);
			runOnlyForDeploymentPostprocessing = 0;
			shellPath = /bin/sh;
			shellScript = "\"${SRCROOT}/Pods/Target Support Files/Pods/Pods-resources.sh\"\n";
			showEnvVarsInLog = 0;
		};
		95890703F0253A54E1E6E4F4 /* Check Pods Manifest.lock */ = {
			isa = PBXShellScriptBuildPhase;
			buildActionMask = 2147483647;
			files = (
			);
			inputPaths = (
			);
			name = "Check Pods Manifest.lock";
			outputPaths = (
			);
			runOnlyForDeploymentPostprocessing = 0;
			shellPath = /bin/sh;
			shellScript = "diff \"${PODS_ROOT}/../Podfile.lock\" \"${PODS_ROOT}/Manifest.lock\" > /dev/null\nif [[ $? != 0 ]] ; then\n    cat << EOM\nerror: The sandbox is not in sync with the Podfile.lock. Run 'pod install' or update your CocoaPods installation.\nEOM\n    exit 1\nfi\n";
			showEnvVarsInLog = 0;
		};
/* End PBXShellScriptBuildPhase section */

/* Begin PBXSourcesBuildPhase section */
		F7AE625B1D9A997200F0E8D0 /* Sources */ = {
			isa = PBXSourcesBuildPhase;
			buildActionMask = 2147483647;
			files = (
				F7AE626A1D9A997200F0E8D0 /* ViewController.m in Sources */,
				F709E7EF1D9AA51C006F9DA7 /* CollectionViewCell.m in Sources */,
				F709E7E91D9AA341006F9DA7 /* Ch1ViewController.m in Sources */,
				F709E7FA1D9B6307006F9DA7 /* ListingCollectionViewCell.m in Sources */,
				F7AE62671D9A997200F0E8D0 /* AppDelegate.m in Sources */,
				F709E7F51D9B61B9006F9DA7 /* Ch2ViewController.m in Sources */,
				F7AE62641D9A997200F0E8D0 /* main.m in Sources */,
			);
			runOnlyForDeploymentPostprocessing = 0;
		};
/* End PBXSourcesBuildPhase section */

/* Begin PBXVariantGroup section */
		F7AE626B1D9A997200F0E8D0 /* Main.storyboard */ = {
			isa = PBXVariantGroup;
			children = (
				F7AE626C1D9A997200F0E8D0 /* Base */,
			);
			name = Main.storyboard;
			sourceTree = "<group>";
		};
		F7AE62701D9A997200F0E8D0 /* LaunchScreen.storyboard */ = {
			isa = PBXVariantGroup;
			children = (
				F7AE62711D9A997200F0E8D0 /* Base */,
			);
			name = LaunchScreen.storyboard;
			sourceTree = "<group>";
		};
/* End PBXVariantGroup section */

/* Begin XCBuildConfiguration section */
		F7AE62741D9A997200F0E8D0 /* Debug */ = {
			isa = XCBuildConfiguration;
			buildSettings = {
				ALWAYS_SEARCH_USER_PATHS = NO;
				CLANG_ANALYZER_NONNULL = YES;
				CLANG_CXX_LANGUAGE_STANDARD = "gnu++0x";
				CLANG_CXX_LIBRARY = "libc++";
				CLANG_ENABLE_MODULES = YES;
				CLANG_ENABLE_OBJC_ARC = YES;
				CLANG_WARN_BOOL_CONVERSION = YES;
				CLANG_WARN_CONSTANT_CONVERSION = YES;
				CLANG_WARN_DIRECT_OBJC_ISA_USAGE = YES_ERROR;
				CLANG_WARN_DOCUMENTATION_COMMENTS = YES;
				CLANG_WARN_EMPTY_BODY = YES;
				CLANG_WARN_ENUM_CONVERSION = YES;
				CLANG_WARN_INFINITE_RECURSION = YES;
				CLANG_WARN_INT_CONVERSION = YES;
				CLANG_WARN_OBJC_ROOT_CLASS = YES_ERROR;
				CLANG_WARN_SUSPICIOUS_MOVES = YES;
				CLANG_WARN_UNREACHABLE_CODE = YES;
				CLANG_WARN__DUPLICATE_METHOD_MATCH = YES;
				"CODE_SIGN_IDENTITY[sdk=iphoneos*]" = "iPhone Developer";
				COPY_PHASE_STRIP = NO;
				DEBUG_INFORMATION_FORMAT = dwarf;
				ENABLE_STRICT_OBJC_MSGSEND = YES;
				ENABLE_TESTABILITY = YES;
				GCC_C_LANGUAGE_STANDARD = gnu99;
				GCC_DYNAMIC_NO_PIC = NO;
				GCC_NO_COMMON_BLOCKS = YES;
				GCC_OPTIMIZATION_LEVEL = 0;
				GCC_PREPROCESSOR_DEFINITIONS = (
					"DEBUG=1",
					"$(inherited)",
				);
				GCC_WARN_64_TO_32_BIT_CONVERSION = YES;
				GCC_WARN_ABOUT_RETURN_TYPE = YES_ERROR;
				GCC_WARN_UNDECLARED_SELECTOR = YES;
				GCC_WARN_UNINITIALIZED_AUTOS = YES_AGGRESSIVE;
				GCC_WARN_UNUSED_FUNCTION = YES;
				GCC_WARN_UNUSED_VARIABLE = YES;
				IPHONEOS_DEPLOYMENT_TARGET = 10.0;
				MTL_ENABLE_DEBUG_INFO = YES;
				ONLY_ACTIVE_ARCH = YES;
				SDKROOT = iphoneos;
				TARGETED_DEVICE_FAMILY = "1,2";
			};
			name = Debug;
		};
		F7AE62751D9A997200F0E8D0 /* Release */ = {
			isa = XCBuildConfiguration;
			buildSettings = {
				ALWAYS_SEARCH_USER_PATHS = NO;
				CLANG_ANALYZER_NONNULL = YES;
				CLANG_CXX_LANGUAGE_STANDARD = "gnu++0x";
				CLANG_CXX_LIBRARY = "libc++";
				CLANG_ENABLE_MODULES = YES;
				CLANG_ENABLE_OBJC_ARC = YES;
				CLANG_WARN_BOOL_CONVERSION = YES;
				CLANG_WARN_CONSTANT_CONVERSION = YES;
				CLANG_WARN_DIRECT_OBJC_ISA_USAGE = YES_ERROR;
				CLANG_WARN_DOCUMENTATION_COMMENTS = YES;
				CLANG_WARN_EMPTY_BODY = YES;
				CLANG_WARN_ENUM_CONVERSION = YES;
				CLANG_WARN_INFINITE_RECURSION = YES;
				CLANG_WARN_INT_CONVERSION = YES;
				CLANG_WARN_OBJC_ROOT_CLASS = YES_ERROR;
				CLANG_WARN_SUSPICIOUS_MOVES = YES;
				CLANG_WARN_UNREACHABLE_CODE = YES;
				CLANG_WARN__DUPLICATE_METHOD_MATCH = YES;
				"CODE_SIGN_IDENTITY[sdk=iphoneos*]" = "iPhone Developer";
				COPY_PHASE_STRIP = NO;
				DEBUG_INFORMATION_FORMAT = "dwarf-with-dsym";
				ENABLE_NS_ASSERTIONS = NO;
				ENABLE_STRICT_OBJC_MSGSEND = YES;
				GCC_C_LANGUAGE_STANDARD = gnu99;
				GCC_NO_COMMON_BLOCKS = YES;
				GCC_WARN_64_TO_32_BIT_CONVERSION = YES;
				GCC_WARN_ABOUT_RETURN_TYPE = YES_ERROR;
				GCC_WARN_UNDECLARED_SELECTOR = YES;
				GCC_WARN_UNINITIALIZED_AUTOS = YES_AGGRESSIVE;
				GCC_WARN_UNUSED_FUNCTION = YES;
				GCC_WARN_UNUSED_VARIABLE = YES;
				IPHONEOS_DEPLOYMENT_TARGET = 10.0;
				MTL_ENABLE_DEBUG_INFO = NO;
				SDKROOT = iphoneos;
				TARGETED_DEVICE_FAMILY = "1,2";
				VALIDATE_PRODUCT = YES;
			};
			name = Release;
		};
		F7AE62771D9A997200F0E8D0 /* Debug */ = {
			isa = XCBuildConfiguration;
			baseConfigurationReference = 45E3B0CF28AE949887320E8B /* Pods.debug.xcconfig */;
			buildSettings = {
				ASSETCATALOG_COMPILER_APPICON_NAME = AppIcon;
				INFOPLIST_FILE = ReactiveCocoaStudy/Info.plist;
				LD_RUNPATH_SEARCH_PATHS = "$(inherited) @executable_path/Frameworks";
				PRODUCT_BUNDLE_IDENTIFIER = com.cwnga.ReactiveCocoaStudy;
				PRODUCT_NAME = "$(TARGET_NAME)";
			};
			name = Debug;
		};
		F7AE62781D9A997200F0E8D0 /* Release */ = {
			isa = XCBuildConfiguration;
			baseConfigurationReference = 783B2BBE0D2070021038C8A8 /* Pods.release.xcconfig */;
			buildSettings = {
				ASSETCATALOG_COMPILER_APPICON_NAME = AppIcon;
				INFOPLIST_FILE = ReactiveCocoaStudy/Info.plist;
				LD_RUNPATH_SEARCH_PATHS = "$(inherited) @executable_path/Frameworks";
				PRODUCT_BUNDLE_IDENTIFIER = com.cwnga.ReactiveCocoaStudy;
				PRODUCT_NAME = "$(TARGET_NAME)";
			};
			name = Release;
		};
/* End XCBuildConfiguration section */

/* Begin XCConfigurationList section */
		F7AE625A1D9A997200F0E8D0 /* Build configuration list for PBXProject "ReactiveCocoaStudy" */ = {
			isa = XCConfigurationList;
			buildConfigurations = (
				F7AE62741D9A997200F0E8D0 /* Debug */,
				F7AE62751D9A997200F0E8D0 /* Release */,
			);
			defaultConfigurationIsVisible = 0;
			defaultConfigurationName = Release;
		};
		F7AE62761D9A997200F0E8D0 /* Build configuration list for PBXNativeTarget "ReactiveCocoaStudy" */ = {
			isa = XCConfigurationList;
			buildConfigurations = (
				F7AE62771D9A997200F0E8D0 /* Debug */,
				F7AE62781D9A997200F0E8D0 /* Release */,
			);
			defaultConfigurationIsVisible = 0;
			defaultConfigurationName = Release;
		};
/* End XCConfigurationList section */
	};
	rootObject = F7AE62571D9A997200F0E8D0 /* Project object */;
}
